
Microsoft Visual Studio Solution File, Format Version 12.00
# Visual Studio Version 17
VisualStudioVersion = 17.14.36623.8 d17.14
MinimumVisualStudioVersion = 10.0.40219.1
Project("{FAE04EC0-301F-11D3-BF4B-00C04F79EFBC}") = "ProyectoFinal_GarroFernando", "ProyectoFinal_GarroFernando\ProyectoFinal_GarroFernando.csproj", "{27E8BC64-7D60-4A55-91ED-4FC1C521FAAB}"
EndProject
Global
	GlobalSection(SolutionConfigurationPlatforms) = preSolution
		Debug|Any CPU = Debug|Any CPU
		Release|Any CPU = Release|Any CPU
	EndGlobalSection
	GlobalSection(ProjectConfigurationPlatforms) = postSolution
		{27E8BC64-7D60-4A55-91ED-4FC1C521FAAB}.Debug|Any CPU.ActiveCfg = Debug|Any CPU
		{27E8BC64-7D60-4A55-91ED-4FC1C521FAAB}.Debug|Any CPU.Build.0 = Debug|Any CPU
		{27E8BC64-7D60-4A55-91ED-4FC1C521FAAB}.Release|Any CPU.ActiveCfg = Release|Any CPU
		{27E8BC64-7D60-4A55-91ED-4FC1C521FAAB}.Release|Any CPU.Build.0 = Release|Any CPU
	EndGlobalSection
	GlobalSection(SolutionProperties) = preSolution
		HideSolutionNode = FALSE
	EndGlobalSection
	GlobalSection(ExtensibilityGlobals) = postSolution
		SolutionGuid = {C3CB9A69-6E45-44D5-B980-55BE72048A64}
	EndGlobalSection
EndGlobal
